
Microsoft Visual Studio Solution File, Format Version 12.00
# Visual Studio Version 16
VisualStudioVersion = 16.0.28803.452
MinimumVisualStudioVersion = 10.0.40219.1
Project("{9A19103F-16F7-4668-BE54-9A1E7A4F7556}") = "Core2_2ApiJwt", "Core2_2ApiJwt.csproj", "{22423EE0-14EE-42C6-8F7D-3BC4ECD1A1ED}"
EndProject
Global
	GlobalSection(SolutionConfigurationPlatforms) = preSolution
		Debug|Any CPU = Debug|Any CPU
		Release|Any CPU = Release|Any CPU
	EndGlobalSection
	GlobalSection(ProjectConfigurationPlatforms) = postSolution
		{22423EE0-14EE-42C6-8F7D-3BC4ECD1A1ED}.Debug|Any CPU.ActiveCfg = Debug|Any CPU
		{22423EE0-14EE-42C6-8F7D-3BC4ECD1A1ED}.Debug|Any CPU.Build.0 = Debug|Any CPU
		{22423EE0-14EE-42C6-8F7D-3BC4ECD1A1ED}.Release|Any CPU.ActiveCfg = Release|Any CPU
		{22423EE0-14EE-42C6-8F7D-3BC4ECD1A1ED}.Release|Any CPU.Build.0 = Release|Any CPU
	EndGlobalSection
	GlobalSection(SolutionProperties) = preSolution
		HideSolutionNode = FALSE
	EndGlobalSection
	GlobalSection(ExtensibilityGlobals) = postSolution
		SolutionGuid = {9C079ADC-9744-44E4-BA61-3049395843FF}
	EndGlobalSection
EndGlobal
